
Microsoft Visual Studio Solution File, Format Version 12.00
# Visual Studio Version 16
VisualStudioVersion = 16.0.30114.105
MinimumVisualStudioVersion = 10.0.40219.1
Project("{FAE04EC0-301F-11D3-BF4B-00C04F79EFBC}") = "Demo", "Demo.csproj", "{FECCE0C1-287D-4971-804E-7A8B2B2FBFAE}"
EndProject
Global
	GlobalSection(SolutionConfigurationPlatforms) = preSolution
		Debug|Any CPU = Debug|Any CPU
		Release|Any CPU = Release|Any CPU
	EndGlobalSection
	GlobalSection(ProjectConfigurationPlatforms) = postSolution
		{FECCE0C1-287D-4971-804E-7A8B2B2FBFAE}.Debug|Any CPU.ActiveCfg = Debug|Any CPU
		{FECCE0C1-287D-4971-804E-7A8B2B2FBFAE}.Debug|Any CPU.Build.0 = Debug|Any CPU
		{FECCE0C1-287D-4971-804E-7A8B2B2FBFAE}.Release|Any CPU.ActiveCfg = Release|Any CPU
		{FECCE0C1-287D-4971-804E-7A8B2B2FBFAE}.Release|Any CPU.Build.0 = Release|Any CPU
	EndGlobalSection
	GlobalSection(SolutionProperties) = preSolution
		HideSolutionNode = FALSE
	EndGlobalSection
	GlobalSection(ExtensibilityGlobals) = postSolution
		SolutionGuid = {2834B7DC-960F-42BE-8145-A3638CF7A0FC}
	EndGlobalSection
EndGlobal
